// !$*UTF8*$!
{
	archiveVersion = 1;
	classes = {
	};
	objectVersion = 52;
	objects = {

/* Begin PBXBuildFile section */
		A90B92C5262D23F600F92F7C /* Meal.swift in Sources */ = {isa = PBXBuildFile; fileRef = A90B92C4262D23F600F92F7C /* Meal.swift */; };
		A90B92C8262D241000F92F7C /* MealViewModel.swift in Sources */ = {isa = PBXBuildFile; fileRef = A90B92C7262D241000F92F7C /* MealViewModel.swift */; };
		A90B92CB262D268700F92F7C /* MealList.swift in Sources */ = {isa = PBXBuildFile; fileRef = A90B92CA262D268700F92F7C /* MealList.swift */; };
		A90B92CE262D26A000F92F7C /* MealDetail.swift in Sources */ = {isa = PBXBuildFile; fileRef = A90B92CD262D26A000F92F7C /* MealDetail.swift */; };
		A90B92D1262D26B100F92F7C /* Profile.swift in Sources */ = {isa = PBXBuildFile; fileRef = A90B92D0262D26B100F92F7C /* Profile.swift */; };
		A950C44E2629632800DD7672 /* AppDelegate.swift in Sources */ = {isa = PBXBuildFile; fileRef = A950C44D2629632800DD7672 /* AppDelegate.swift */; };
		A950C4502629632800DD7672 /* SceneDelegate.swift in Sources */ = {isa = PBXBuildFile; fileRef = A950C44F2629632800DD7672 /* SceneDelegate.swift */; };
		A950C4522629632800DD7672 /* ContentView.swift in Sources */ = {isa = PBXBuildFile; fileRef = A950C4512629632800DD7672 /* ContentView.swift */; };
		A950C4552629632800DD7672 /* MealAPI.xcdatamodeld in Sources */ = {isa = PBXBuildFile; fileRef = A950C4532629632800DD7672 /* MealAPI.xcdatamodeld */; };
		A950C4572629632900DD7672 /* Assets.xcassets in Resources */ = {isa = PBXBuildFile; fileRef = A950C4562629632900DD7672 /* Assets.xcassets */; };
		A950C45A2629632900DD7672 /* Preview Assets.xcassets in Resources */ = {isa = PBXBuildFile; fileRef = A950C4592629632900DD7672 /* Preview Assets.xcassets */; };
		A950C45D2629632900DD7672 /* LaunchScreen.storyboard in Resources */ = {isa = PBXBuildFile; fileRef = A950C45B2629632900DD7672 /* LaunchScreen.storyboard */; };
		A950C48F2629640100DD7672 /* SDWebImageSwiftUI in Frameworks */ = {isa = PBXBuildFile; productRef = A950C48E2629640100DD7672 /* SDWebImageSwiftUI */; };
		A950C49B2629646500DD7672 /* SwiftyJSON in Frameworks */ = {isa = PBXBuildFile; productRef = A950C49A2629646500DD7672 /* SwiftyJSON */; };
		A987B575262FC6BD0099E2B0 /* FavoriteMealList.swift in Sources */ = {isa = PBXBuildFile; fileRef = A987B574262FC6BD0099E2B0 /* FavoriteMealList.swift */; };
		A987B578262FC82E0099E2B0 /* FavoriteMealDetail.swift in Sources */ = {isa = PBXBuildFile; fileRef = A987B577262FC82E0099E2B0 /* FavoriteMealDetail.swift */; };
		A987B57D262FC9DC0099E2B0 /* FavoriteMeal+CoreDataClass.swift in Sources */ = {isa = PBXBuildFile; fileRef = A987B57B262FC9DC0099E2B0 /* FavoriteMeal+CoreDataClass.swift */; };
		A987B57E262FC9DC0099E2B0 /* FavoriteMeal+CoreDataProperties.swift in Sources */ = {isa = PBXBuildFile; fileRef = A987B57C262FC9DC0099E2B0 /* FavoriteMeal+CoreDataProperties.swift */; };
		A9A490582632674000B4FE58 /* SearchViewModel.swift in Sources */ = {isa = PBXBuildFile; fileRef = A9A490572632674000B4FE58 /* SearchViewModel.swift */; };
		A9A4905B2632675300B4FE58 /* SearchList.swift in Sources */ = {isa = PBXBuildFile; fileRef = A9A4905A2632675300B4FE58 /* SearchList.swift */; };
/* End PBXBuildFile section */

/* Begin PBXFileReference section */
		A90B92C4262D23F600F92F7C /* Meal.swift */ = {isa = PBXFileReference; lastKnownFileType = sourcecode.swift; path = Meal.swift; sourceTree = "<group>"; };
		A90B92C7262D241000F92F7C /* MealViewModel.swift */ = {isa = PBXFileReference; lastKnownFileType = sourcecode.swift; path = MealViewModel.swift; sourceTree = "<group>"; };
		A90B92CA262D268700F92F7C /* MealList.swift */ = {isa = PBXFileReference; lastKnownFileType = sourcecode.swift; path = MealList.swift; sourceTree = "<group>"; };
		A90B92CD262D26A000F92F7C /* MealDetail.swift */ = {isa = PBXFileReference; lastKnownFileType = sourcecode.swift; path = MealDetail.swift; sourceTree = "<group>"; };
		A90B92D0262D26B100F92F7C /* Profile.swift */ = {isa = PBXFileReference; lastKnownFileType = sourcecode.swift; path = Profile.swift; sourceTree = "<group>"; };
		A950C44A2629632800DD7672 /* MealAPI.app */ = {isa = PBXFileReference; explicitFileType = wrapper.application; includeInIndex = 0; path = MealAPI.app; sourceTree = BUILT_PRODUCTS_DIR; };
		A950C44D2629632800DD7672 /* AppDelegate.swift */ = {isa = PBXFileReference; lastKnownFileType = sourcecode.swift; path = AppDelegate.swift; sourceTree = "<group>"; };
		A950C44F2629632800DD7672 /* SceneDelegate.swift */ = {isa = PBXFileReference; lastKnownFileType = sourcecode.swift; path = SceneDelegate.swift; sourceTree = "<group>"; };
		A950C4512629632800DD7672 /* ContentView.swift */ = {isa = PBXFileReference; lastKnownFileType = sourcecode.swift; path = ContentView.swift; sourceTree = "<group>"; };
		A950C4542629632800DD7672 /* MealAPI.xcdatamodel */ = {isa = PBXFileReference; lastKnownFileType = wrapper.xcdatamodel; path = MealAPI.xcdatamodel; sourceTree = "<group>"; };
		A950C4562629632900DD7672 /* Assets.xcassets */ = {isa = PBXFileReference; lastKnownFileType = folder.assetcatalog; path = Assets.xcassets; sourceTree = "<group>"; };
		A950C4592629632900DD7672 /* Preview Assets.xcassets */ = {isa = PBXFileReference; lastKnownFileType = folder.assetcatalog; path = "Preview Assets.xcassets"; sourceTree = "<group>"; };
		A950C45C2629632900DD7672 /* Base */ = {isa = PBXFileReference; lastKnownFileType = file.storyboard; name = Base; path = Base.lproj/LaunchScreen.storyboard; sourceTree = "<group>"; };
		A950C45E2629632900DD7672 /* Info.plist */ = {isa = PBXFileReference; lastKnownFileType = text.plist.xml; path = Info.plist; sourceTree = "<group>"; };
		A987B574262FC6BD0099E2B0 /* FavoriteMealList.swift */ = {isa = PBXFileReference; lastKnownFileType = sourcecode.swift; path = FavoriteMealList.swift; sourceTree = "<group>"; };
		A987B577262FC82E0099E2B0 /* FavoriteMealDetail.swift */ = {isa = PBXFileReference; lastKnownFileType = sourcecode.swift; path = FavoriteMealDetail.swift; sourceTree = "<group>"; };
		A987B57B262FC9DC0099E2B0 /* FavoriteMeal+CoreDataClass.swift */ = {isa = PBXFileReference; lastKnownFileType = sourcecode.swift; path = "FavoriteMeal+CoreDataClass.swift"; sourceTree = SOURCE_ROOT; };
		A987B57C262FC9DC0099E2B0 /* FavoriteMeal+CoreDataProperties.swift */ = {isa = PBXFileReference; lastKnownFileType = sourcecode.swift; path = "FavoriteMeal+CoreDataProperties.swift"; sourceTree = SOURCE_ROOT; };
		A9A490572632674000B4FE58 /* SearchViewModel.swift */ = {isa = PBXFileReference; lastKnownFileType = sourcecode.swift; path = SearchViewModel.swift; sourceTree = "<group>"; };
		A9A4905A2632675300B4FE58 /* SearchList.swift */ = {isa = PBXFileReference; lastKnownFileType = sourcecode.swift; path = SearchList.swift; sourceTree = "<group>"; };
/* End PBXFileReference section */

/* Begin PBXFrameworksBuildPhase section */
		A950C4472629632800DD7672 /* Frameworks */ = {
			isa = PBXFrameworksBuildPhase;
			buildActionMask = 2147483647;
			files = (
				A950C49B2629646500DD7672 /* SwiftyJSON in Frameworks */,
				A950C48F2629640100DD7672 /* SDWebImageSwiftUI in Frameworks */,
			);
			runOnlyForDeploymentPostprocessing = 0;
		};
/* End PBXFrameworksBuildPhase section */

/* Begin PBXGroup section */
		A90B92C0262D239400F92F7C /* View */ = {
			isa = PBXGroup;
			children = (
				A950C4512629632800DD7672 /* ContentView.swift */,
				A90B92CA262D268700F92F7C /* MealList.swift */,
				A90B92CD262D26A000F92F7C /* MealDetail.swift */,
				A90B92D0262D26B100F92F7C /* Profile.swift */,
				A987B574262FC6BD0099E2B0 /* FavoriteMealList.swift */,
				A987B577262FC82E0099E2B0 /* FavoriteMealDetail.swift */,
				A9A4905A2632675300B4FE58 /* SearchList.swift */,
			);
			path = View;
			sourceTree = "<group>";
		};
		A90B92C1262D239D00F92F7C /* ViewModel */ = {
			isa = PBXGroup;
			children = (
				A90B92C7262D241000F92F7C /* MealViewModel.swift */,
				A9A490572632674000B4FE58 /* SearchViewModel.swift */,
			);
			path = ViewModel;
			sourceTree = "<group>";
		};
		A90B92C2262D23AC00F92F7C /* Model */ = {
			isa = PBXGroup;
			children = (
				A90B92C4262D23F600F92F7C /* Meal.swift */,
			);
			path = Model;
			sourceTree = "<group>";
		};
		A90B92C3262D23B400F92F7C /* Base */ = {
			isa = PBXGroup;
			children = (
				A950C44D2629632800DD7672 /* AppDelegate.swift */,
				A950C44F2629632800DD7672 /* SceneDelegate.swift */,
			);
			path = Base;
			sourceTree = "<group>";
		};
		A950C4412629632700DD7672 = {
			isa = PBXGroup;
			children = (
				A950C44C2629632800DD7672 /* MealAPI */,
				A950C44B2629632800DD7672 /* Products */,
			);
			sourceTree = "<group>";
		};
		A950C44B2629632800DD7672 /* Products */ = {
			isa = PBXGroup;
			children = (
				A950C44A2629632800DD7672 /* MealAPI.app */,
			);
			name = Products;
			sourceTree = "<group>";
		};
		A950C44C2629632800DD7672 /* MealAPI */ = {
			isa = PBXGroup;
			children = (
				A90B92C3262D23B400F92F7C /* Base */,
				A90B92C2262D23AC00F92F7C /* Model */,
				A90B92C0262D239400F92F7C /* View */,
				A90B92C1262D239D00F92F7C /* ViewModel */,
				A987B568262FC3450099E2B0 /* CoreData */,
				A950C4562629632900DD7672 /* Assets.xcassets */,
				A950C45B2629632900DD7672 /* LaunchScreen.storyboard */,
				A950C45E2629632900DD7672 /* Info.plist */,
				A950C4582629632900DD7672 /* Preview Content */,
			);
			path = MealAPI;
			sourceTree = "<group>";
		};
		A950C4582629632900DD7672 /* Preview Content */ = {
			isa = PBXGroup;
			children = (
				A950C4592629632900DD7672 /* Preview Assets.xcassets */,
			);
			path = "Preview Content";
			sourceTree = "<group>";
		};
		A987B568262FC3450099E2B0 /* CoreData */ = {
			isa = PBXGroup;
			children = (
				A987B57B262FC9DC0099E2B0 /* FavoriteMeal+CoreDataClass.swift */,
				A987B57C262FC9DC0099E2B0 /* FavoriteMeal+CoreDataProperties.swift */,
				A950C4532629632800DD7672 /* MealAPI.xcdatamodeld */,
			);
			path = CoreData;
			sourceTree = "<group>";
		};
/* End PBXGroup section */

/* Begin PBXNativeTarget section */
		A950C4492629632800DD7672 /* MealAPI */ = {
			isa = PBXNativeTarget;
			buildConfigurationList = A950C4612629632900DD7672 /* Build configuration list for PBXNativeTarget "MealAPI" */;
			buildPhases = (
				A950C4462629632800DD7672 /* Sources */,
				A950C4472629632800DD7672 /* Frameworks */,
				A950C4482629632800DD7672 /* Resources */,
			);
			buildRules = (
			);
			dependencies = (
			);
			name = MealAPI;
			packageProductDependencies = (
				A950C48E2629640100DD7672 /* SDWebImageSwiftUI */,
				A950C49A2629646500DD7672 /* SwiftyJSON */,
			);
			productName = MealAPI;
			productReference = A950C44A2629632800DD7672 /* MealAPI.app */;
			productType = "com.apple.product-type.application";
		};
/* End PBXNativeTarget section */

/* Begin PBXProject section */
		A950C4422629632700DD7672 /* Project object */ = {
			isa = PBXProject;
			attributes = {
				LastSwiftUpdateCheck = 1240;
				LastUpgradeCheck = 1240;
				TargetAttributes = {
					A950C4492629632800DD7672 = {
						CreatedOnToolsVersion = 12.4;
					};
				};
			};
			buildConfigurationList = A950C4452629632700DD7672 /* Build configuration list for PBXProject "MealAPI" */;
			compatibilityVersion = "Xcode 9.3";
			developmentRegion = en;
			hasScannedForEncodings = 0;
			knownRegions = (
				en,
				Base,
			);
			mainGroup = A950C4412629632700DD7672;
			packageReferences = (
				A950C48D2629640100DD7672 /* XCRemoteSwiftPackageReference "SDWebImageSwiftUI" */,
				A950C4992629646500DD7672 /* XCRemoteSwiftPackageReference "SwiftyJSON" */,
			);
			productRefGroup = A950C44B2629632800DD7672 /* Products */;
			projectDirPath = "";
			projectRoot = "";
			targets = (
				A950C4492629632800DD7672 /* MealAPI */,
			);
		};
/* End PBXProject section */

/* Begin PBXResourcesBuildPhase section */
		A950C4482629632800DD7672 /* Resources */ = {
			isa = PBXResourcesBuildPhase;
			buildActionMask = 2147483647;
			files = (
				A950C45D2629632900DD7672 /* LaunchScreen.storyboard in Resources */,
				A950C45A2629632900DD7672 /* Preview Assets.xcassets in Resources */,
				A950C4572629632900DD7672 /* Assets.xcassets in Resources */,
			);
			runOnlyForDeploymentPostprocessing = 0;
		};
/* End PBXResourcesBuildPhase section */

/* Begin PBXSourcesBuildPhase section */
		A950C4462629632800DD7672 /* Sources */ = {
			isa = PBXSourcesBuildPhase;
			buildActionMask = 2147483647;
			files = (
				A90B92C5262D23F600F92F7C /* Meal.swift in Sources */,
				A950C44E2629632800DD7672 /* AppDelegate.swift in Sources */,
				A90B92CB262D268700F92F7C /* MealList.swift in Sources */,
				A987B578262FC82E0099E2B0 /* FavoriteMealDetail.swift in Sources */,
				A987B57D262FC9DC0099E2B0 /* FavoriteMeal+CoreDataClass.swift in Sources */,
				A950C4552629632800DD7672 /* MealAPI.xcdatamodeld in Sources */,
				A987B575262FC6BD0099E2B0 /* FavoriteMealList.swift in Sources */,
				A950C4502629632800DD7672 /* SceneDelegate.swift in Sources */,
				A9A4905B2632675300B4FE58 /* SearchList.swift in Sources */,
				A9A490582632674000B4FE58 /* SearchViewModel.swift in Sources */,
				A90B92CE262D26A000F92F7C /* MealDetail.swift in Sources */,
				A950C4522629632800DD7672 /* ContentView.swift in Sources */,
				A987B57E262FC9DC0099E2B0 /* FavoriteMeal+CoreDataProperties.swift in Sources */,
				A90B92D1262D26B100F92F7C /* Profile.swift in Sources */,
				A90B92C8262D241000F92F7C /* MealViewModel.swift in Sources */,
			);
			runOnlyForDeploymentPostprocessing = 0;
		};
/* End PBXSourcesBuildPhase section */

/* Begin PBXVariantGroup section */
		A950C45B2629632900DD7672 /* LaunchScreen.storyboard */ = {
			isa = PBXVariantGroup;
			children = (
				A950C45C2629632900DD7672 /* Base */,
			);
			name = LaunchScreen.storyboard;
			sourceTree = "<group>";
		};
/* End PBXVariantGroup section */

/* Begin XCBuildConfiguration section */
		A950C45F2629632900DD7672 /* Debug */ = {
			isa = XCBuildConfiguration;
			buildSettings = {
				ALWAYS_SEARCH_USER_PATHS = NO;
				CLANG_ANALYZER_NONNULL = YES;
				CLANG_ANALYZER_NUMBER_OBJECT_CONVERSION = YES_AGGRESSIVE;
				CLANG_CXX_LANGUAGE_STANDARD = "gnu++14";
				CLANG_CXX_LIBRARY = "libc++";
				CLANG_ENABLE_MODULES = YES;
				CLANG_ENABLE_OBJC_ARC = YES;
				CLANG_ENABLE_OBJC_WEAK = YES;
				CLANG_WARN_BLOCK_CAPTURE_AUTORELEASING = YES;
				CLANG_WARN_BOOL_CONVERSION = YES;
				CLANG_WARN_COMMA = YES;
				CLANG_WARN_CONSTANT_CONVERSION = YES;
				CLANG_WARN_DEPRECATED_OBJC_IMPLEMENTATIONS = YES;
				CLANG_WARN_DIRECT_OBJC_ISA_USAGE = YES_ERROR;
				CLANG_WARN_DOCUMENTATION_COMMENTS = YES;
				CLANG_WARN_EMPTY_BODY = YES;
				CLANG_WARN_ENUM_CONVERSION = YES;
				CLANG_WARN_INFINITE_RECURSION = YES;
				CLANG_WARN_INT_CONVERSION = YES;
				CLANG_WARN_NON_LITERAL_NULL_CONVERSION = YES;
				CLANG_WARN_OBJC_IMPLICIT_RETAIN_SELF = YES;
				CLANG_WARN_OBJC_LITERAL_CONVERSION = YES;
				CLANG_WARN_OBJC_ROOT_CLASS = YES_ERROR;
				CLANG_WARN_QUOTED_INCLUDE_IN_FRAMEWORK_HEADER = YES;
				CLANG_WARN_RANGE_LOOP_ANALYSIS = YES;
				CLANG_WARN_STRICT_PROTOTYPES = YES;
				CLANG_WARN_SUSPICIOUS_MOVE = YES;
				CLANG_WARN_UNGUARDED_AVAILABILITY = YES_AGGRESSIVE;
				CLANG_WARN_UNREACHABLE_CODE = YES;
				CLANG_WARN__DUPLICATE_METHOD_MATCH = YES;
				COPY_PHASE_STRIP = NO;
				DEBUG_INFORMATION_FORMAT = dwarf;
				ENABLE_STRICT_OBJC_MSGSEND = YES;
				ENABLE_TESTABILITY = YES;
				GCC_C_LANGUAGE_STANDARD = gnu11;
				GCC_DYNAMIC_NO_PIC = NO;
				GCC_NO_COMMON_BLOCKS = YES;
				GCC_OPTIMIZATION_LEVEL = 0;
				GCC_PREPROCESSOR_DEFINITIONS = (
					"DEBUG=1",
					"$(inherited)",
				);
				GCC_WARN_64_TO_32_BIT_CONVERSION = YES;
				GCC_WARN_ABOUT_RETURN_TYPE = YES_ERROR;
				GCC_WARN_UNDECLARED_SELECTOR = YES;
				GCC_WARN_UNINITIALIZED_AUTOS = YES_AGGRESSIVE;
				GCC_WARN_UNUSED_FUNCTION = YES;
				GCC_WARN_UNUSED_VARIABLE = YES;
				IPHONEOS_DEPLOYMENT_TARGET = 14.4;
				MTL_ENABLE_DEBUG_INFO = INCLUDE_SOURCE;
				MTL_FAST_MATH = YES;
				ONLY_ACTIVE_ARCH = YES;
				SDKROOT = iphoneos;
				SWIFT_ACTIVE_COMPILATION_CONDITIONS = DEBUG;
				SWIFT_OPTIMIZATION_LEVEL = "-Onone";
			};
			name = Debug;
		};
		A950C4602629632900DD7672 /* Release */ = {
			isa = XCBuildConfiguration;
			buildSettings = {
				ALWAYS_SEARCH_USER_PATHS = NO;
				CLANG_ANALYZER_NONNULL = YES;
				CLANG_ANALYZER_NUMBER_OBJECT_CONVERSION = YES_AGGRESSIVE;
				CLANG_CXX_LANGUAGE_STANDARD = "gnu++14";
				CLANG_CXX_LIBRARY = "libc++";
				CLANG_ENABLE_MODULES = YES;
				CLANG_ENABLE_OBJC_ARC = YES;
				CLANG_ENABLE_OBJC_WEAK = YES;
				CLANG_WARN_BLOCK_CAPTURE_AUTORELEASING = YES;
				CLANG_WARN_BOOL_CONVERSION = YES;
				CLANG_WARN_COMMA = YES;
				CLANG_WARN_CONSTANT_CONVERSION = YES;
				CLANG_WARN_DEPRECATED_OBJC_IMPLEMENTATIONS = YES;
				CLANG_WARN_DIRECT_OBJC_ISA_USAGE = YES_ERROR;
				CLANG_WARN_DOCUMENTATION_COMMENTS = YES;
				CLANG_WARN_EMPTY_BODY = YES;
				CLANG_WARN_ENUM_CONVERSION = YES;
				CLANG_WARN_INFINITE_RECURSION = YES;
				CLANG_WARN_INT_CONVERSION = YES;
				CLANG_WARN_NON_LITERAL_NULL_CONVERSION = YES;
				CLANG_WARN_OBJC_IMPLICIT_RETAIN_SELF = YES;
				CLANG_WARN_OBJC_LITERAL_CONVERSION = YES;
				CLANG_WARN_OBJC_ROOT_CLASS = YES_ERROR;
				CLANG_WARN_QUOTED_INCLUDE_IN_FRAMEWORK_HEADER = YES;
				CLANG_WARN_RANGE_LOOP_ANALYSIS = YES;
				CLANG_WARN_STRICT_PROTOTYPES = YES;
				CLANG_WARN_SUSPICIOUS_MOVE = YES;
				CLANG_WARN_UNGUARDED_AVAILABILITY = YES_AGGRESSIVE;
				CLANG_WARN_UNREACHABLE_CODE = YES;
				CLANG_WARN__DUPLICATE_METHOD_MATCH = YES;
				COPY_PHASE_STRIP = NO;
				DEBUG_INFORMATION_FORMAT = "dwarf-with-dsym";
				ENABLE_NS_ASSERTIONS = NO;
				ENABLE_STRICT_OBJC_MSGSEND = YES;
				GCC_C_LANGUAGE_STANDARD = gnu11;
				GCC_NO_COMMON_BLOCKS = YES;
				GCC_WARN_64_TO_32_BIT_CONVERSION = YES;
				GCC_WARN_ABOUT_RETURN_TYPE = YES_ERROR;
				GCC_WARN_UNDECLARED_SELECTOR = YES;
				GCC_WARN_UNINITIALIZED_AUTOS = YES_AGGRESSIVE;
				GCC_WARN_UNUSED_FUNCTION = YES;
				GCC_WARN_UNUSED_VARIABLE = YES;
				IPHONEOS_DEPLOYMENT_TARGET = 14.4;
				MTL_ENABLE_DEBUG_INFO = NO;
				MTL_FAST_MATH = YES;
				SDKROOT = iphoneos;
				SWIFT_COMPILATION_MODE = wholemodule;
				SWIFT_OPTIMIZATION_LEVEL = "-O";
				VALIDATE_PRODUCT = YES;
			};
			name = Release;
		};
		A950C4622629632900DD7672 /* Debug */ = {
			isa = XCBuildConfiguration;
			buildSettings = {
				ASSETCATALOG_COMPILER_APPICON_NAME = AppIcon;
				ASSETCATALOG_COMPILER_GLOBAL_ACCENT_COLOR_NAME = AccentColor;
				CODE_SIGN_STYLE = Automatic;
				DEVELOPMENT_ASSET_PATHS = "\"MealAPI/Preview Content\"";
				DEVELOPMENT_TEAM = VX65BR5A2G;
				ENABLE_PREVIEWS = YES;
				INFOPLIST_FILE = MealAPI/Info.plist;
				LD_RUNPATH_SEARCH_PATHS = (
					"$(inherited)",
					"@executable_path/Frameworks",
				);
				PRODUCT_BUNDLE_IDENTIFIER = com.faiz.MealAPI;
				PRODUCT_NAME = "$(TARGET_NAME)";
				SWIFT_VERSION = 5.0;
				TARGETED_DEVICE_FAMILY = "1,2";
			};
			name = Debug;
		};
		A950C4632629632900DD7672 /* Release */ = {
			isa = XCBuildConfiguration;
			buildSettings = {
				ASSETCATALOG_COMPILER_APPICON_NAME = AppIcon;
				ASSETCATALOG_COMPILER_GLOBAL_ACCENT_COLOR_NAME = AccentColor;
				CODE_SIGN_STYLE = Automatic;
				DEVELOPMENT_ASSET_PATHS = "\"MealAPI/Preview Content\"";
				DEVELOPMENT_TEAM = VX65BR5A2G;
				ENABLE_PREVIEWS = YES;
				INFOPLIST_FILE = MealAPI/Info.plist;
				LD_RUNPATH_SEARCH_PATHS = (
					"$(inherited)",
					"@executable_path/Frameworks",
				);
				PRODUCT_BUNDLE_IDENTIFIER = com.faiz.MealAPI;
				PRODUCT_NAME = "$(TARGET_NAME)";
				SWIFT_VERSION = 5.0;
				TARGETED_DEVICE_FAMILY = "1,2";
			};
			name = Release;
		};
/* End XCBuildConfiguration section */

/* Begin XCConfigurationList section */
		A950C4452629632700DD7672 /* Build configuration list for PBXProject "MealAPI" */ = {
			isa = XCConfigurationList;
			buildConfigurations = (
				A950C45F2629632900DD7672 /* Debug */,
				A950C4602629632900DD7672 /* Release */,
			);
			defaultConfigurationIsVisible = 0;
			defaultConfigurationName = Release;
		};
		A950C4612629632900DD7672 /* Build configuration list for PBXNativeTarget "MealAPI" */ = {
			isa = XCConfigurationList;
			buildConfigurations = (
				A950C4622629632900DD7672 /* Debug */,
				A950C4632629632900DD7672 /* Release */,
			);
			defaultConfigurationIsVisible = 0;
			defaultConfigurationName = Release;
		};
/* End XCConfigurationList section */

/* Begin XCRemoteSwiftPackageReference section */
		A950C48D2629640100DD7672 /* XCRemoteSwiftPackageReference "SDWebImageSwiftUI" */ = {
			isa = XCRemoteSwiftPackageReference;
			repositoryURL = "https://github.com/SDWebImage/SDWebImageSwiftUI";
			requirement = {
				kind = upToNextMajorVersion;
				minimumVersion = 2.0.2;
			};
		};
		A950C4992629646500DD7672 /* XCRemoteSwiftPackageReference "SwiftyJSON" */ = {
			isa = XCRemoteSwiftPackageReference;
			repositoryURL = "https://github.com/SwiftyJSON/SwiftyJSON";
			requirement = {
				kind = upToNextMajorVersion;
				minimumVersion = 5.0.1;
			};
		};
/* End XCRemoteSwiftPackageReference section */

/* Begin XCSwiftPackageProductDependency section */
		A950C48E2629640100DD7672 /* SDWebImageSwiftUI */ = {
			isa = XCSwiftPackageProductDependency;
			package = A950C48D2629640100DD7672 /* XCRemoteSwiftPackageReference "SDWebImageSwiftUI" */;
			productName = SDWebImageSwiftUI;
		};
		A950C49A2629646500DD7672 /* SwiftyJSON */ = {
			isa = XCSwiftPackageProductDependency;
			package = A950C4992629646500DD7672 /* XCRemoteSwiftPackageReference "SwiftyJSON" */;
			productName = SwiftyJSON;
		};
/* End XCSwiftPackageProductDependency section */

/* Begin XCVersionGroup section */
		A950C4532629632800DD7672 /* MealAPI.xcdatamodeld */ = {
			isa = XCVersionGroup;
			children = (
				A950C4542629632800DD7672 /* MealAPI.xcdatamodel */,
			);
			currentVersion = A950C4542629632800DD7672 /* MealAPI.xcdatamodel */;
			path = MealAPI.xcdatamodeld;
			sourceTree = "<group>";
			versionGroupType = wrapper.xcdatamodel;
		};
/* End XCVersionGroup section */
	};
	rootObject = A950C4422629632700DD7672 /* Project object */;
}
